
Microsoft Visual Studio Solution File, Format Version 12.00
Project("{FAE04EC0-301F-11D3-BF4B-00C04F79EFBC}") = "AlipayF2F", "AlipayF2F.csproj", "{D6339D91-20D7-40C1-B33B-BFD7632C11C0}"
EndProject
Global
	GlobalSection(SolutionConfigurationPlatforms) = preSolution
		Debug|Any CPU = Debug|Any CPU
		Release|Any CPU = Release|Any CPU
	EndGlobalSection
	GlobalSection(ProjectConfigurationPlatforms) = postSolution
		{D6339D91-20D7-40C1-B33B-BFD7632C11C0}.Debug|Any CPU.ActiveCfg = Debug|Any CPU
		{D6339D91-20D7-40C1-B33B-BFD7632C11C0}.Debug|Any CPU.Build.0 = Debug|Any CPU
		{D6339D91-20D7-40C1-B33B-BFD7632C11C0}.Release|Any CPU.ActiveCfg = Release|Any CPU
		{D6339D91-20D7-40C1-B33B-BFD7632C11C0}.Release|Any CPU.Build.0 = Release|Any CPU
	EndGlobalSection
EndGlobal
