
Microsoft Visual Studio Solution File, Format Version 12.00
# Visual Studio Version 17
VisualStudioVersion = 17.1.32421.90
MinimumVisualStudioVersion = 10.0.40219.1
Project("{FAE04EC0-301F-11D3-BF4B-00C04F79EFBC}") = "OrderDbImpl", "OrderDbImpl\OrderDbImpl.csproj", "{4805B1C7-757E-44EE-9AB1-C942FE1D2494}"
EndProject
Global
	GlobalSection(SolutionConfigurationPlatforms) = preSolution
		Debug|Any CPU = Debug|Any CPU
		Release|Any CPU = Release|Any CPU
	EndGlobalSection
	GlobalSection(ProjectConfigurationPlatforms) = postSolution
		{4805B1C7-757E-44EE-9AB1-C942FE1D2494}.Debug|Any CPU.ActiveCfg = Debug|Any CPU
		{4805B1C7-757E-44EE-9AB1-C942FE1D2494}.Debug|Any CPU.Build.0 = Debug|Any CPU
		{4805B1C7-757E-44EE-9AB1-C942FE1D2494}.Release|Any CPU.ActiveCfg = Release|Any CPU
		{4805B1C7-757E-44EE-9AB1-C942FE1D2494}.Release|Any CPU.Build.0 = Release|Any CPU
	EndGlobalSection
	GlobalSection(SolutionProperties) = preSolution
		HideSolutionNode = FALSE
	EndGlobalSection
	GlobalSection(ExtensibilityGlobals) = postSolution
		SolutionGuid = {004D0AA9-5067-4AEA-9806-BC2D4F652C22}
	EndGlobalSection
EndGlobal
