
Microsoft Visual Studio Solution File, Format Version 12.00
Project("{FAE04EC0-301F-11D3-BF4B-00C04F79EFBC}") = "SuperMovie_server", "SuperMovie_server.csproj", "{FC423E62-7C4D-4C17-865C-FD2BE6AFB5CC}"
EndProject
Global
	GlobalSection(SolutionConfigurationPlatforms) = preSolution
		Debug|Any CPU = Debug|Any CPU
		Release|Any CPU = Release|Any CPU
	EndGlobalSection
	GlobalSection(ProjectConfigurationPlatforms) = postSolution
		{FC423E62-7C4D-4C17-865C-FD2BE6AFB5CC}.Debug|Any CPU.ActiveCfg = Debug|Any CPU
		{FC423E62-7C4D-4C17-865C-FD2BE6AFB5CC}.Debug|Any CPU.Build.0 = Debug|Any CPU
		{FC423E62-7C4D-4C17-865C-FD2BE6AFB5CC}.Release|Any CPU.ActiveCfg = Release|Any CPU
		{FC423E62-7C4D-4C17-865C-FD2BE6AFB5CC}.Release|Any CPU.Build.0 = Release|Any CPU
	EndGlobalSection
EndGlobal
