
Microsoft Visual Studio Solution File, Format Version 12.00
# Visual Studio Version 17
VisualStudioVersion = 17.2.32519.379
MinimumVisualStudioVersion = 10.0.40219.1
Project("{FAE04EC0-301F-11D3-BF4B-00C04F79EFBC}") = "VipContainerImpl", "VipContainerImpl.csproj", "{48C0ADA1-8EC5-46CD-B598-49714FFAECF8}"
EndProject
Global
	GlobalSection(SolutionConfigurationPlatforms) = preSolution
		Debug|Any CPU = Debug|Any CPU
		Release|Any CPU = Release|Any CPU
	EndGlobalSection
	GlobalSection(ProjectConfigurationPlatforms) = postSolution
		{48C0ADA1-8EC5-46CD-B598-49714FFAECF8}.Debug|Any CPU.ActiveCfg = Debug|Any CPU
		{48C0ADA1-8EC5-46CD-B598-49714FFAECF8}.Debug|Any CPU.Build.0 = Debug|Any CPU
		{48C0ADA1-8EC5-46CD-B598-49714FFAECF8}.Release|Any CPU.ActiveCfg = Release|Any CPU
		{48C0ADA1-8EC5-46CD-B598-49714FFAECF8}.Release|Any CPU.Build.0 = Release|Any CPU
	EndGlobalSection
	GlobalSection(SolutionProperties) = preSolution
		HideSolutionNode = FALSE
	EndGlobalSection
	GlobalSection(ExtensibilityGlobals) = postSolution
		SolutionGuid = {07DFD227-5C24-4D6A-AFC4-E8522A48C489}
	EndGlobalSection
EndGlobal
